
Microsoft Visual Studio Solution File, Format Version 12.00
# Visual Studio Version 17
VisualStudioVersion = 17.13.35919.96 d17.13
MinimumVisualStudioVersion = 10.0.40219.1
Project("{FAE04EC0-301F-11D3-BF4B-00C04F79EFBC}") = "project 1", "project 1\project 1.csproj", "{8DC675EA-3F43-40BD-999C-DBC35E2E9126}"
EndProject
Global
	GlobalSection(SolutionConfigurationPlatforms) = preSolution
		Debug|Any CPU = Debug|Any CPU
		Release|Any CPU = Release|Any CPU
	EndGlobalSection
	GlobalSection(ProjectConfigurationPlatforms) = postSolution
		{8DC675EA-3F43-40BD-999C-DBC35E2E9126}.Debug|Any CPU.ActiveCfg = Debug|Any CPU
		{8DC675EA-3F43-40BD-999C-DBC35E2E9126}.Debug|Any CPU.Build.0 = Debug|Any CPU
		{8DC675EA-3F43-40BD-999C-DBC35E2E9126}.Release|Any CPU.ActiveCfg = Release|Any CPU
		{8DC675EA-3F43-40BD-999C-DBC35E2E9126}.Release|Any CPU.Build.0 = Release|Any CPU
	EndGlobalSection
	GlobalSection(SolutionProperties) = preSolution
		HideSolutionNode = FALSE
	EndGlobalSection
	GlobalSection(ExtensibilityGlobals) = postSolution
		SolutionGuid = {00A2E8C5-3B1F-4CC1-ADC6-289829C4D2AA}
	EndGlobalSection
EndGlobal
